
Microsoft Visual Studio Solution File, Format Version 12.00
# Visual Studio 2012
Project("{FAE04EC0-301F-11D3-BF4B-00C04F79EFBC}") = "StateMachine", "StateMachine\StateMachine.csproj", "{F146DFB0-0C67-435D-8E09-CFF3BC0F7DCC}"
EndProject
Project("{FAE04EC0-301F-11D3-BF4B-00C04F79EFBC}") = "StateMachine.Tests", "StateMachine.Tests\StateMachine.Tests.csproj", "{6B3DE9B6-4B90-47B6-AAD6-85E3E359B8AF}"
EndProject
Project("{FAE04EC0-301F-11D3-BF4B-00C04F79EFBC}") = "Runner", "Runner\Runner.csproj", "{1657AC88-E219-4E03-831E-D187F204CA97}"
EndProject
Project("{FAE04EC0-301F-11D3-BF4B-00C04F79EFBC}") = "WebFrontend", "WebFrontend\WebFrontend.csproj", "{DD8669D1-7EB9-4D43-AE08-E99AD02C44FE}"
EndProject
Project("{FAE04EC0-301F-11D3-BF4B-00C04F79EFBC}") = "Game", "Game\Game.csproj", "{A1D70322-346E-4A23-A46E-FE176E36D04D}"
EndProject
Global
	GlobalSection(SolutionConfigurationPlatforms) = preSolution
		Debug|Any CPU = Debug|Any CPU
		Release|Any CPU = Release|Any CPU
	EndGlobalSection
	GlobalSection(ProjectConfigurationPlatforms) = postSolution
		{F146DFB0-0C67-435D-8E09-CFF3BC0F7DCC}.Debug|Any CPU.ActiveCfg = Debug|Any CPU
		{F146DFB0-0C67-435D-8E09-CFF3BC0F7DCC}.Debug|Any CPU.Build.0 = Debug|Any CPU
		{F146DFB0-0C67-435D-8E09-CFF3BC0F7DCC}.Release|Any CPU.ActiveCfg = Release|Any CPU
		{F146DFB0-0C67-435D-8E09-CFF3BC0F7DCC}.Release|Any CPU.Build.0 = Release|Any CPU
		{6B3DE9B6-4B90-47B6-AAD6-85E3E359B8AF}.Debug|Any CPU.ActiveCfg = Debug|Any CPU
		{6B3DE9B6-4B90-47B6-AAD6-85E3E359B8AF}.Debug|Any CPU.Build.0 = Debug|Any CPU
		{6B3DE9B6-4B90-47B6-AAD6-85E3E359B8AF}.Release|Any CPU.ActiveCfg = Release|Any CPU
		{6B3DE9B6-4B90-47B6-AAD6-85E3E359B8AF}.Release|Any CPU.Build.0 = Release|Any CPU
		{1657AC88-E219-4E03-831E-D187F204CA97}.Debug|Any CPU.ActiveCfg = Debug|Any CPU
		{1657AC88-E219-4E03-831E-D187F204CA97}.Debug|Any CPU.Build.0 = Debug|Any CPU
		{1657AC88-E219-4E03-831E-D187F204CA97}.Release|Any CPU.ActiveCfg = Release|Any CPU
		{1657AC88-E219-4E03-831E-D187F204CA97}.Release|Any CPU.Build.0 = Release|Any CPU
		{DD8669D1-7EB9-4D43-AE08-E99AD02C44FE}.Debug|Any CPU.ActiveCfg = Debug|Any CPU
		{DD8669D1-7EB9-4D43-AE08-E99AD02C44FE}.Debug|Any CPU.Build.0 = Debug|Any CPU
		{DD8669D1-7EB9-4D43-AE08-E99AD02C44FE}.Release|Any CPU.ActiveCfg = Release|Any CPU
		{DD8669D1-7EB9-4D43-AE08-E99AD02C44FE}.Release|Any CPU.Build.0 = Release|Any CPU
		{A1D70322-346E-4A23-A46E-FE176E36D04D}.Debug|Any CPU.ActiveCfg = Debug|Any CPU
		{A1D70322-346E-4A23-A46E-FE176E36D04D}.Debug|Any CPU.Build.0 = Debug|Any CPU
		{A1D70322-346E-4A23-A46E-FE176E36D04D}.Release|Any CPU.ActiveCfg = Release|Any CPU
		{A1D70322-346E-4A23-A46E-FE176E36D04D}.Release|Any CPU.Build.0 = Release|Any CPU
	EndGlobalSection
	GlobalSection(SolutionProperties) = preSolution
		HideSolutionNode = FALSE
	EndGlobalSection
EndGlobal
