
Microsoft Visual Studio Solution File, Format Version 12.00
# Visual Studio 2012
Project("{FAE04EC0-301F-11D3-BF4B-00C04F79EFBC}") = "RavenLuceneSample", "RavenLuceneSample\RavenLuceneSample.csproj", "{A1A0EDEB-00FE-445A-8B1B-0CD8119CE6EE}"
EndProject
Project("{FAE04EC0-301F-11D3-BF4B-00C04F79EFBC}") = "Runner", "Runner\Runner.csproj", "{D7478444-2017-4F51-BFFD-6DED47CF92B9}"
EndProject
Global
	GlobalSection(SolutionConfigurationPlatforms) = preSolution
		Debug|Any CPU = Debug|Any CPU
		Release|Any CPU = Release|Any CPU
	EndGlobalSection
	GlobalSection(ProjectConfigurationPlatforms) = postSolution
		{A1A0EDEB-00FE-445A-8B1B-0CD8119CE6EE}.Debug|Any CPU.ActiveCfg = Debug|Any CPU
		{A1A0EDEB-00FE-445A-8B1B-0CD8119CE6EE}.Debug|Any CPU.Build.0 = Debug|Any CPU
		{A1A0EDEB-00FE-445A-8B1B-0CD8119CE6EE}.Release|Any CPU.ActiveCfg = Release|Any CPU
		{A1A0EDEB-00FE-445A-8B1B-0CD8119CE6EE}.Release|Any CPU.Build.0 = Release|Any CPU
		{D7478444-2017-4F51-BFFD-6DED47CF92B9}.Debug|Any CPU.ActiveCfg = Debug|Any CPU
		{D7478444-2017-4F51-BFFD-6DED47CF92B9}.Debug|Any CPU.Build.0 = Debug|Any CPU
		{D7478444-2017-4F51-BFFD-6DED47CF92B9}.Release|Any CPU.ActiveCfg = Release|Any CPU
		{D7478444-2017-4F51-BFFD-6DED47CF92B9}.Release|Any CPU.Build.0 = Release|Any CPU
	EndGlobalSection
	GlobalSection(SolutionProperties) = preSolution
		HideSolutionNode = FALSE
	EndGlobalSection
EndGlobal
