
Microsoft Visual Studio Solution File, Format Version 12.00
# Visual Studio 2013
VisualStudioVersion = 12.0.21005.1
MinimumVisualStudioVersion = 10.0.40219.1
Project("{FAE04EC0-301F-11D3-BF4B-00C04F79EFBC}") = "Dodap", "Dodap\Dodap.csproj", "{8B4D1308-1A25-4FDB-BACE-EE8F133E3D8F}"
EndProject
Project("{FAE04EC0-301F-11D3-BF4B-00C04F79EFBC}") = "Tests", "Tests\Tests.csproj", "{AE282B3C-8780-47E2-8059-F9C7865988EC}"
EndProject
Global
	GlobalSection(SolutionConfigurationPlatforms) = preSolution
		Debug|Any CPU = Debug|Any CPU
		Release|Any CPU = Release|Any CPU
	EndGlobalSection
	GlobalSection(ProjectConfigurationPlatforms) = postSolution
		{8B4D1308-1A25-4FDB-BACE-EE8F133E3D8F}.Debug|Any CPU.ActiveCfg = Debug|Any CPU
		{8B4D1308-1A25-4FDB-BACE-EE8F133E3D8F}.Debug|Any CPU.Build.0 = Debug|Any CPU
		{8B4D1308-1A25-4FDB-BACE-EE8F133E3D8F}.Release|Any CPU.ActiveCfg = Release|Any CPU
		{8B4D1308-1A25-4FDB-BACE-EE8F133E3D8F}.Release|Any CPU.Build.0 = Release|Any CPU
		{AE282B3C-8780-47E2-8059-F9C7865988EC}.Debug|Any CPU.ActiveCfg = Debug|Any CPU
		{AE282B3C-8780-47E2-8059-F9C7865988EC}.Debug|Any CPU.Build.0 = Debug|Any CPU
		{AE282B3C-8780-47E2-8059-F9C7865988EC}.Release|Any CPU.ActiveCfg = Release|Any CPU
		{AE282B3C-8780-47E2-8059-F9C7865988EC}.Release|Any CPU.Build.0 = Release|Any CPU
	EndGlobalSection
	GlobalSection(SolutionProperties) = preSolution
		HideSolutionNode = FALSE
	EndGlobalSection
EndGlobal
