
Microsoft Visual Studio Solution File, Format Version 12.00
# Visual Studio 2012
Project("{FAE04EC0-301F-11D3-BF4B-00C04F79EFBC}") = "SampleWeb", "SampleWeb\SampleWeb.csproj", "{EF7B262B-3DA3-4D83-8019-2696676D4A42}"
Project("{FAE04EC0-301F-11D3-BF4B-00C04F79EFBC}") = "SampleWeb", "SampleWeb\SampleWeb.csproj", "{5EF72060-A209-4625-A315-5ECDFE1E131C}"
EndProject
Global
	GlobalSection(SolutionConfigurationPlatforms) = preSolution
		Debug|Any CPU = Debug|Any CPU
		Release|Any CPU = Release|Any CPU
	EndGlobalSection
	GlobalSection(ProjectConfigurationPlatforms) = postSolution
		{EF7B262B-3DA3-4D83-8019-2696676D4A42}.Debug|Any CPU.ActiveCfg = Debug|Any CPU
		{EF7B262B-3DA3-4D83-8019-2696676D4A42}.Debug|Any CPU.Build.0 = Debug|Any CPU
		{EF7B262B-3DA3-4D83-8019-2696676D4A42}.Release|Any CPU.ActiveCfg = Release|Any CPU
		{EF7B262B-3DA3-4D83-8019-2696676D4A42}.Release|Any CPU.Build.0 = Release|Any CPU
		{5EF72060-A209-4625-A315-5ECDFE1E131C}.Debug|Any CPU.ActiveCfg = Debug|Any CPU
		{5EF72060-A209-4625-A315-5ECDFE1E131C}.Debug|Any CPU.Build.0 = Debug|Any CPU
		{5EF72060-A209-4625-A315-5ECDFE1E131C}.Release|Any CPU.ActiveCfg = Release|Any CPU
		{5EF72060-A209-4625-A315-5ECDFE1E131C}.Release|Any CPU.Build.0 = Release|Any CPU
	EndGlobalSection
	GlobalSection(SolutionProperties) = preSolution
		HideSolutionNode = FALSE
	EndGlobalSection
EndGlobal
