
Microsoft Visual Studio Solution File, Format Version 12.00
# Visual Studio 2012
Project("{FAE04EC0-301F-11D3-BF4B-00C04F79EFBC}") = "QuartzSample", "QuartzSample\QuartzSample.csproj", "{71677232-FDD1-42CA-A6C6-BAFA7796A488}"
EndProject
Project("{FAE04EC0-301F-11D3-BF4B-00C04F79EFBC}") = "ServiceHost", "ServiceHost\ServiceHost.csproj", "{017E8D29-2342-4B1D-AE1B-91419143AC3A}"
EndProject
Global
	GlobalSection(SolutionConfigurationPlatforms) = preSolution
		Debug|Any CPU = Debug|Any CPU
		Release|Any CPU = Release|Any CPU
	EndGlobalSection
	GlobalSection(ProjectConfigurationPlatforms) = postSolution
		{71677232-FDD1-42CA-A6C6-BAFA7796A488}.Debug|Any CPU.ActiveCfg = Debug|Any CPU
		{71677232-FDD1-42CA-A6C6-BAFA7796A488}.Debug|Any CPU.Build.0 = Debug|Any CPU
		{71677232-FDD1-42CA-A6C6-BAFA7796A488}.Release|Any CPU.ActiveCfg = Release|Any CPU
		{71677232-FDD1-42CA-A6C6-BAFA7796A488}.Release|Any CPU.Build.0 = Release|Any CPU
		{017E8D29-2342-4B1D-AE1B-91419143AC3A}.Debug|Any CPU.ActiveCfg = Debug|Any CPU
		{017E8D29-2342-4B1D-AE1B-91419143AC3A}.Debug|Any CPU.Build.0 = Debug|Any CPU
		{017E8D29-2342-4B1D-AE1B-91419143AC3A}.Release|Any CPU.ActiveCfg = Release|Any CPU
		{017E8D29-2342-4B1D-AE1B-91419143AC3A}.Release|Any CPU.Build.0 = Release|Any CPU
	EndGlobalSection
	GlobalSection(SolutionProperties) = preSolution
		HideSolutionNode = FALSE
	EndGlobalSection
EndGlobal
