
Microsoft Visual Studio Solution File, Format Version 12.00
# Visual Studio 2013
VisualStudioVersion = 12.0.20827.3
MinimumVisualStudioVersion = 10.0.40219.1
Project("{FAE04EC0-301F-11D3-BF4B-00C04F79EFBC}") = "Webbox", "Webbox\Webbox.csproj", "{BAF72F89-05B1-46A5-B1BC-ACC490D8AFF8}"
EndProject
Project("{FAE04EC0-301F-11D3-BF4B-00C04F79EFBC}") = "SmokeTest", "SmokeTest\SmokeTest.csproj", "{2AEE387A-60C4-4440-A00B-43B3AC563D6F}"
EndProject
Project("{FAE04EC0-301F-11D3-BF4B-00C04F79EFBC}") = "Webbox.Api", "Webbox.Api\Webbox.Api.csproj", "{7F9CDFE7-5499-4F8E-9640-DF4A83874520}"
EndProject
Project("{FAE04EC0-301F-11D3-BF4B-00C04F79EFBC}") = "Webbox.Core", "Webbox.Core\Webbox.Core.csproj", "{B9318D76-A1A6-4799-92A4-4E8EF40602B4}"
EndProject
Project("{FAE04EC0-301F-11D3-BF4B-00C04F79EFBC}") = "Webbox.Core.Web", "Webbox.Core.Web\Webbox.Core.Web.csproj", "{D8356C02-2254-4C7A-8AFC-04E5A9C43E82}"
EndProject
Project("{FAE04EC0-301F-11D3-BF4B-00C04F79EFBC}") = "Webbox.DataAccess", "Webbox.DataAccess\Webbox.DataAccess.csproj", "{236A1E69-5161-4800-8F0E-0C1B4404A8DC}"
EndProject
Project("{FAE04EC0-301F-11D3-BF4B-00C04F79EFBC}") = "DBMigrate", "DBMigrate\DBMigrate.csproj", "{BCCF860B-7428-424C-85B4-406AC866662A}"
EndProject
Project("{FAE04EC0-301F-11D3-BF4B-00C04F79EFBC}") = "Webbox.MongoAccess", "Webbox.MongoAccess\Webbox.MongoAccess.csproj", "{ED02E4E8-2269-4EB9-AAF9-033B4F2C4917}"
EndProject
Project("{FAE04EC0-301F-11D3-BF4B-00C04F79EFBC}") = "Webbox.Rpc", "Webbox.Rpc\Webbox.Rpc.csproj", "{10D1A0B4-AC4A-46A7-9F12-1A2CA05AFE71}"
EndProject
Project("{FAE04EC0-301F-11D3-BF4B-00C04F79EFBC}") = "Webbox.Domain", "Webbox.Domain\Webbox.Domain.csproj", "{AF485AD3-81AE-41B5-AE8C-725F0264142D}"
EndProject
Global
	GlobalSection(SolutionConfigurationPlatforms) = preSolution
		Debug|Any CPU = Debug|Any CPU
		Release|Any CPU = Release|Any CPU
	EndGlobalSection
	GlobalSection(ProjectConfigurationPlatforms) = postSolution
		{BAF72F89-05B1-46A5-B1BC-ACC490D8AFF8}.Debug|Any CPU.ActiveCfg = Debug|Any CPU
		{BAF72F89-05B1-46A5-B1BC-ACC490D8AFF8}.Debug|Any CPU.Build.0 = Debug|Any CPU
		{BAF72F89-05B1-46A5-B1BC-ACC490D8AFF8}.Release|Any CPU.ActiveCfg = Release|Any CPU
		{BAF72F89-05B1-46A5-B1BC-ACC490D8AFF8}.Release|Any CPU.Build.0 = Release|Any CPU
		{2AEE387A-60C4-4440-A00B-43B3AC563D6F}.Debug|Any CPU.ActiveCfg = Debug|Any CPU
		{2AEE387A-60C4-4440-A00B-43B3AC563D6F}.Debug|Any CPU.Build.0 = Debug|Any CPU
		{2AEE387A-60C4-4440-A00B-43B3AC563D6F}.Release|Any CPU.ActiveCfg = Release|Any CPU
		{2AEE387A-60C4-4440-A00B-43B3AC563D6F}.Release|Any CPU.Build.0 = Release|Any CPU
		{7F9CDFE7-5499-4F8E-9640-DF4A83874520}.Debug|Any CPU.ActiveCfg = Debug|Any CPU
		{7F9CDFE7-5499-4F8E-9640-DF4A83874520}.Debug|Any CPU.Build.0 = Debug|Any CPU
		{7F9CDFE7-5499-4F8E-9640-DF4A83874520}.Release|Any CPU.ActiveCfg = Release|Any CPU
		{7F9CDFE7-5499-4F8E-9640-DF4A83874520}.Release|Any CPU.Build.0 = Release|Any CPU
		{B9318D76-A1A6-4799-92A4-4E8EF40602B4}.Debug|Any CPU.ActiveCfg = Debug|Any CPU
		{B9318D76-A1A6-4799-92A4-4E8EF40602B4}.Debug|Any CPU.Build.0 = Debug|Any CPU
		{B9318D76-A1A6-4799-92A4-4E8EF40602B4}.Release|Any CPU.ActiveCfg = Release|Any CPU
		{B9318D76-A1A6-4799-92A4-4E8EF40602B4}.Release|Any CPU.Build.0 = Release|Any CPU
		{D8356C02-2254-4C7A-8AFC-04E5A9C43E82}.Debug|Any CPU.ActiveCfg = Debug|Any CPU
		{D8356C02-2254-4C7A-8AFC-04E5A9C43E82}.Debug|Any CPU.Build.0 = Debug|Any CPU
		{D8356C02-2254-4C7A-8AFC-04E5A9C43E82}.Release|Any CPU.ActiveCfg = Release|Any CPU
		{D8356C02-2254-4C7A-8AFC-04E5A9C43E82}.Release|Any CPU.Build.0 = Release|Any CPU
		{236A1E69-5161-4800-8F0E-0C1B4404A8DC}.Debug|Any CPU.ActiveCfg = Debug|Any CPU
		{236A1E69-5161-4800-8F0E-0C1B4404A8DC}.Debug|Any CPU.Build.0 = Debug|Any CPU
		{236A1E69-5161-4800-8F0E-0C1B4404A8DC}.Release|Any CPU.ActiveCfg = Release|Any CPU
		{236A1E69-5161-4800-8F0E-0C1B4404A8DC}.Release|Any CPU.Build.0 = Release|Any CPU
		{BCCF860B-7428-424C-85B4-406AC866662A}.Debug|Any CPU.ActiveCfg = Debug|Any CPU
		{BCCF860B-7428-424C-85B4-406AC866662A}.Debug|Any CPU.Build.0 = Debug|Any CPU
		{BCCF860B-7428-424C-85B4-406AC866662A}.Release|Any CPU.ActiveCfg = Release|Any CPU
		{BCCF860B-7428-424C-85B4-406AC866662A}.Release|Any CPU.Build.0 = Release|Any CPU
		{ED02E4E8-2269-4EB9-AAF9-033B4F2C4917}.Debug|Any CPU.ActiveCfg = Debug|Any CPU
		{ED02E4E8-2269-4EB9-AAF9-033B4F2C4917}.Debug|Any CPU.Build.0 = Debug|Any CPU
		{ED02E4E8-2269-4EB9-AAF9-033B4F2C4917}.Release|Any CPU.ActiveCfg = Release|Any CPU
		{ED02E4E8-2269-4EB9-AAF9-033B4F2C4917}.Release|Any CPU.Build.0 = Release|Any CPU
		{10D1A0B4-AC4A-46A7-9F12-1A2CA05AFE71}.Debug|Any CPU.ActiveCfg = Debug|Any CPU
		{10D1A0B4-AC4A-46A7-9F12-1A2CA05AFE71}.Debug|Any CPU.Build.0 = Debug|Any CPU
		{10D1A0B4-AC4A-46A7-9F12-1A2CA05AFE71}.Release|Any CPU.ActiveCfg = Release|Any CPU
		{10D1A0B4-AC4A-46A7-9F12-1A2CA05AFE71}.Release|Any CPU.Build.0 = Release|Any CPU
		{AF485AD3-81AE-41B5-AE8C-725F0264142D}.Debug|Any CPU.ActiveCfg = Debug|Any CPU
		{AF485AD3-81AE-41B5-AE8C-725F0264142D}.Debug|Any CPU.Build.0 = Debug|Any CPU
		{AF485AD3-81AE-41B5-AE8C-725F0264142D}.Release|Any CPU.ActiveCfg = Release|Any CPU
		{AF485AD3-81AE-41B5-AE8C-725F0264142D}.Release|Any CPU.Build.0 = Release|Any CPU
	EndGlobalSection
	GlobalSection(SolutionProperties) = preSolution
		HideSolutionNode = FALSE
	EndGlobalSection
EndGlobal
