
Microsoft Visual Studio Solution File, Format Version 12.00
# Visual Studio 2013
VisualStudioVersion = 12.0.30110.0
MinimumVisualStudioVersion = 10.0.40219.1
Project("{F2A71F9B-5D33-465A-A702-920D77279786}") = "CanopySample", "CanopySample\CanopySample.fsproj", "{EE3CEE6F-FE9C-4746-A7AE-B49B79AB5A9F}"
EndProject
Global
	GlobalSection(SolutionConfigurationPlatforms) = preSolution
		Debug|Any CPU = Debug|Any CPU
		Release|Any CPU = Release|Any CPU
	EndGlobalSection
	GlobalSection(ProjectConfigurationPlatforms) = postSolution
		{EE3CEE6F-FE9C-4746-A7AE-B49B79AB5A9F}.Debug|Any CPU.ActiveCfg = Debug|Any CPU
		{EE3CEE6F-FE9C-4746-A7AE-B49B79AB5A9F}.Debug|Any CPU.Build.0 = Debug|Any CPU
		{EE3CEE6F-FE9C-4746-A7AE-B49B79AB5A9F}.Release|Any CPU.ActiveCfg = Release|Any CPU
		{EE3CEE6F-FE9C-4746-A7AE-B49B79AB5A9F}.Release|Any CPU.Build.0 = Release|Any CPU
	EndGlobalSection
	GlobalSection(SolutionProperties) = preSolution
		HideSolutionNode = FALSE
	EndGlobalSection
EndGlobal
